
Microsoft Visual Studio Solution File, Format Version 12.00
# Visual Studio Version 18
VisualStudioVersion = 18.1.11312.151 d18.0
MinimumVisualStudioVersion = 10.0.40219.1
Project("{FAE04EC0-301F-11D3-BF4B-00C04F79EFBC}") = "IAC4", "IAC4.csproj", "{583EEB23-CD1A-3226-C09F-98427829801F}"
EndProject
Global
	GlobalSection(SolutionConfigurationPlatforms) = preSolution
		Debug|Any CPU = Debug|Any CPU
		Release|Any CPU = Release|Any CPU
	EndGlobalSection
	GlobalSection(ProjectConfigurationPlatforms) = postSolution
		{583EEB23-CD1A-3226-C09F-98427829801F}.Debug|Any CPU.ActiveCfg = Debug|Any CPU
		{583EEB23-CD1A-3226-C09F-98427829801F}.Debug|Any CPU.Build.0 = Debug|Any CPU
		{583EEB23-CD1A-3226-C09F-98427829801F}.Release|Any CPU.ActiveCfg = Release|Any CPU
		{583EEB23-CD1A-3226-C09F-98427829801F}.Release|Any CPU.Build.0 = Release|Any CPU
	EndGlobalSection
	GlobalSection(SolutionProperties) = preSolution
		HideSolutionNode = FALSE
	EndGlobalSection
	GlobalSection(ExtensibilityGlobals) = postSolution
		SolutionGuid = {C07C1FBB-4FE0-49D8-BF27-65B7F919E7CE}
	EndGlobalSection
EndGlobal
